
Microsoft Visual Studio Solution File, Format Version 12.00
# Visual Studio Version 16
VisualStudioVersion = 16.0.30717.126
MinimumVisualStudioVersion = 10.0.40219.1
Project("{9A19103F-16F7-4668-BE54-9A1E7A4F7556}") = "AdventOfCode1", "AdventOfCode1\AdventOfCode1.csproj", "{FD5CE3BF-AAE5-4186-A2F4-F45D6FAC2ECF}"
EndProject
Project("{9A19103F-16F7-4668-BE54-9A1E7A4F7556}") = "AoC2", "AoC2\AoC2.csproj", "{2FFE9704-07BA-4BB9-BBA9-7147D8C1AEDB}"
EndProject
Project("{FAE04EC0-301F-11D3-BF4B-00C04F79EFBC}") = "AoC13", "Aoc13\AoC13.csproj", "{EDA9883A-C7F7-4080-9CD4-FE10AC498948}"
EndProject
Global
	GlobalSection(SolutionConfigurationPlatforms) = preSolution
		Debug|Any CPU = Debug|Any CPU
		Release|Any CPU = Release|Any CPU
	EndGlobalSection
	GlobalSection(ProjectConfigurationPlatforms) = postSolution
		{FD5CE3BF-AAE5-4186-A2F4-F45D6FAC2ECF}.Debug|Any CPU.ActiveCfg = Debug|Any CPU
		{FD5CE3BF-AAE5-4186-A2F4-F45D6FAC2ECF}.Debug|Any CPU.Build.0 = Debug|Any CPU
		{FD5CE3BF-AAE5-4186-A2F4-F45D6FAC2ECF}.Release|Any CPU.ActiveCfg = Release|Any CPU
		{FD5CE3BF-AAE5-4186-A2F4-F45D6FAC2ECF}.Release|Any CPU.Build.0 = Release|Any CPU
		{2FFE9704-07BA-4BB9-BBA9-7147D8C1AEDB}.Debug|Any CPU.ActiveCfg = Debug|Any CPU
		{2FFE9704-07BA-4BB9-BBA9-7147D8C1AEDB}.Debug|Any CPU.Build.0 = Debug|Any CPU
		{2FFE9704-07BA-4BB9-BBA9-7147D8C1AEDB}.Release|Any CPU.ActiveCfg = Release|Any CPU
		{2FFE9704-07BA-4BB9-BBA9-7147D8C1AEDB}.Release|Any CPU.Build.0 = Release|Any CPU
		{EDA9883A-C7F7-4080-9CD4-FE10AC498948}.Debug|Any CPU.ActiveCfg = Debug|Any CPU
		{EDA9883A-C7F7-4080-9CD4-FE10AC498948}.Debug|Any CPU.Build.0 = Debug|Any CPU
		{EDA9883A-C7F7-4080-9CD4-FE10AC498948}.Release|Any CPU.ActiveCfg = Release|Any CPU
		{EDA9883A-C7F7-4080-9CD4-FE10AC498948}.Release|Any CPU.Build.0 = Release|Any CPU
	EndGlobalSection
	GlobalSection(SolutionProperties) = preSolution
		HideSolutionNode = FALSE
	EndGlobalSection
	GlobalSection(ExtensibilityGlobals) = postSolution
		SolutionGuid = {A0717E01-0EDA-4973-9979-87012529C7C4}
	EndGlobalSection
EndGlobal
